
Microsoft Visual Studio Solution File, Format Version 12.00
# Visual Studio Version 17
VisualStudioVersion = 17.9.34616.47
MinimumVisualStudioVersion = 10.0.40219.1
Project("{9A19103F-16F7-4668-BE54-9A1E7A4F7556}") = "GiveTurn.API", "GiveTurn.API\GiveTurn.API.csproj", "{EBCDDB1E-6E1D-4E87-8B76-7E55F0A5C34D}"
EndProject
Project("{9A19103F-16F7-4668-BE54-9A1E7A4F7556}") = "GiveTurn.Web", "GiveTurn.Web\GiveTurn.Web.csproj", "{2D6A041A-FDA7-4137-A5D4-2024C52D9E3A}"
EndProject
Project("{FAE04EC0-301F-11D3-BF4B-00C04F79EFBC}") = "GiveTurn.Model", "GiveTurn.Model\GiveTurn.Model.csproj", "{6FE62DD0-B79F-460F-A367-ECACCF875A39}"
EndProject
Global
	GlobalSection(SolutionConfigurationPlatforms) = preSolution
		Debug|Any CPU = Debug|Any CPU
		Release|Any CPU = Release|Any CPU
	EndGlobalSection
	GlobalSection(ProjectConfigurationPlatforms) = postSolution
		{EBCDDB1E-6E1D-4E87-8B76-7E55F0A5C34D}.Debug|Any CPU.ActiveCfg = Debug|Any CPU
		{EBCDDB1E-6E1D-4E87-8B76-7E55F0A5C34D}.Debug|Any CPU.Build.0 = Debug|Any CPU
		{EBCDDB1E-6E1D-4E87-8B76-7E55F0A5C34D}.Release|Any CPU.ActiveCfg = Release|Any CPU
		{EBCDDB1E-6E1D-4E87-8B76-7E55F0A5C34D}.Release|Any CPU.Build.0 = Release|Any CPU
		{2D6A041A-FDA7-4137-A5D4-2024C52D9E3A}.Debug|Any CPU.ActiveCfg = Debug|Any CPU
		{2D6A041A-FDA7-4137-A5D4-2024C52D9E3A}.Debug|Any CPU.Build.0 = Debug|Any CPU
		{2D6A041A-FDA7-4137-A5D4-2024C52D9E3A}.Release|Any CPU.ActiveCfg = Release|Any CPU
		{2D6A041A-FDA7-4137-A5D4-2024C52D9E3A}.Release|Any CPU.Build.0 = Release|Any CPU
		{6FE62DD0-B79F-460F-A367-ECACCF875A39}.Debug|Any CPU.ActiveCfg = Debug|Any CPU
		{6FE62DD0-B79F-460F-A367-ECACCF875A39}.Debug|Any CPU.Build.0 = Debug|Any CPU
		{6FE62DD0-B79F-460F-A367-ECACCF875A39}.Release|Any CPU.ActiveCfg = Release|Any CPU
		{6FE62DD0-B79F-460F-A367-ECACCF875A39}.Release|Any CPU.Build.0 = Release|Any CPU
	EndGlobalSection
	GlobalSection(SolutionProperties) = preSolution
		HideSolutionNode = FALSE
	EndGlobalSection
	GlobalSection(ExtensibilityGlobals) = postSolution
		SolutionGuid = {88878E08-B38E-49FA-BBC6-AD5AEC9518D2}
	EndGlobalSection
EndGlobal
